{
  "version": 4,
  "terraform_version": "1.1.2",
  "serial": 49,
  "lineage": "f7ff5900-f3dd-d265-7324-f620c27abf05",
  "outputs": {
    "url": {
      "value": "https://dev-io-mjb-calc-service-kpolhpwxdq-uc.a.run.app",
      "type": "string"
    }
  },
  "resources": [
    {
      "mode": "managed",
      "type": "random_string",
      "name": "name",
      "provider": "provider[\"registry.terraform.io/hashicorp/random\"]",
      "instances": [
        {
          "schema_version": 1,
          "attributes": {
            "id": "mjb",
            "keepers": null,
            "length": 3,
            "lower": true,
            "min_lower": 0,
            "min_numeric": 0,
            "min_special": 0,
            "min_upper": 0,
            "number": false,
            "override_special": null,
            "result": "mjb",
            "special": false,
            "upper": false
          },
          "sensitive_attributes": [],
          "private": "eyJzY2hlbWFfdmVyc2lvbiI6IjEifQ=="
        }
      ]
    },
    {
      "module": "module.cloudrun",
      "mode": "managed",
      "type": "google_cloud_run_service",
      "name": "default",
      "provider": "provider[\"registry.terraform.io/hashicorp/google\"]",
      "instances": [
        {
          "schema_version": 1,
          "attributes": {
            "autogenerate_revision_name": false,
            "id": "locations/us-central1/namespaces/terraform-gcptap/services/dev-io-mjb-calc-service",
            "location": "us-central1",
            "metadata": [
              {
                "annotations": {
                  "run.googleapis.com/ingress": "all",
                  "run.googleapis.com/ingress-status": "all",
                  "serving.knative.dev/creator": "mwaura.gerald@nordcloud.com",
                  "serving.knative.dev/lastModifier": "mwaura.gerald@nordcloud.com"
                },
                "generation": 1,
                "labels": {
                  "cloud.googleapis.com/location": "us-central1"
                },
                "namespace": "terraform-gcptap",
                "resource_version": "AAXVNaYEo8M",
                "self_link": "/apis/serving.knative.dev/v1/namespaces/403090190665/services/dev-io-mjb-calc-service",
                "uid": "a363684b-a1b4-413b-a124-5c1639c3042b"
              }
            ],
            "name": "dev-io-mjb-calc-service",
            "project": "terraform-gcptap",
            "status": [
              {
                "conditions": [
                  {
                    "message": "",
                    "reason": "",
                    "status": "True",
                    "type": "Ready"
                  },
                  {
                    "message": "",
                    "reason": "",
                    "status": "True",
                    "type": "ConfigurationsReady"
                  },
                  {
                    "message": "",
                    "reason": "",
                    "status": "True",
                    "type": "RoutesReady"
                  }
                ],
                "latest_created_revision_name": "dev-io-mjb-calc-service-smnjx",
                "latest_ready_revision_name": "dev-io-mjb-calc-service-smnjx",
                "observed_generation": 1,
                "url": "https://dev-io-mjb-calc-service-kpolhpwxdq-uc.a.run.app"
              }
            ],
            "template": [
              {
                "metadata": [
                  {
                    "annotations": {
                      "autoscaling.knative.dev/maxScale": "5",
                      "autoscaling.knative.dev/minScale": "1",
                      "run.googleapis.com/cpu-throttling": "true"
                    },
                    "generation": 0,
                    "labels": null,
                    "name": "",
                    "namespace": "",
                    "resource_version": "",
                    "self_link": "",
                    "uid": ""
                  }
                ],
                "spec": [
                  {
                    "container_concurrency": 80,
                    "containers": [
                      {
                        "args": null,
                        "command": null,
                        "env": [],
                        "env_from": [],
                        "image": "gcr.io/terraform-gcptap/calc:v3",
                        "ports": [
                          {
                            "container_port": 80,
                            "name": "http1",
                            "protocol": ""
                          }
                        ],
                        "resources": [
                          {
                            "limits": {
                              "cpu": "1000m",
                              "memory": "256Mi"
                            },
                            "requests": null
                          }
                        ],
                        "volume_mounts": [],
                        "working_dir": ""
                      }
                    ],
                    "service_account_name": "",
                    "serving_state": "",
                    "timeout_seconds": 60,
                    "volumes": []
                  }
                ]
              }
            ],
            "timeouts": null,
            "traffic": [
              {
                "latest_revision": true,
                "percent": 100,
                "revision_name": ""
              }
            ]
          },
          "sensitive_attributes": [],
          "private": "eyJlMmJmYjczMC1lY2FhLTExZTYtOGY4OC0zNDM2M2JjN2M0YzAiOnsiY3JlYXRlIjozNjAwMDAwMDAwMDAsImRlbGV0ZSI6MjQwMDAwMDAwMDAwLCJ1cGRhdGUiOjkwMDAwMDAwMDAwMH0sInNjaGVtYV92ZXJzaW9uIjoiMSJ9",
          "dependencies": [
            "random_string.name"
          ]
        }
      ]
    },
    {
      "module": "module.iam-policy",
      "mode": "managed",
      "type": "google_cloud_run_service_iam_binding",
      "name": "binding",
      "provider": "provider[\"registry.terraform.io/hashicorp/google\"]",
      "instances": [
        {
          "index_key": 0,
          "schema_version": 0,
          "attributes": {
            "condition": [],
            "etag": "BwXVNaZkrDk=",
            "id": "v1/projects/terraform-gcptap/locations/us-central1/services/dev-io-mjb-calc-service/roles/run.invoker",
            "location": "us-central1",
            "members": [
              "allUsers"
            ],
            "project": "terraform-gcptap",
            "role": "roles/run.invoker",
            "service": "v1/projects/terraform-gcptap/locations/us-central1/services/dev-io-mjb-calc-service"
          },
          "sensitive_attributes": [],
          "private": "bnVsbA==",
          "dependencies": [
            "module.cloudrun.google_cloud_run_service.default",
            "random_string.name"
          ]
        }
      ]
    }
  ]
}
